
Microsoft Visual Studio Solution File, Format Version 12.00
# Visual Studio Version 17
VisualStudioVersion = 17.9.34622.214
MinimumVisualStudioVersion = 10.0.40219.1
Project("{FAE04EC0-301F-11D3-BF4B-00C04F79EFBC}") = "MoviesApi", "MoviesApi\MoviesApi.csproj", "{B03559C2-2123-4378-A1F5-C466CFA280B3}"
EndProject
Global
	GlobalSection(SolutionConfigurationPlatforms) = preSolution
		Debug|Any CPU = Debug|Any CPU
		Release|Any CPU = Release|Any CPU
	EndGlobalSection
	GlobalSection(ProjectConfigurationPlatforms) = postSolution
		{B03559C2-2123-4378-A1F5-C466CFA280B3}.Debug|Any CPU.ActiveCfg = Debug|Any CPU
		{B03559C2-2123-4378-A1F5-C466CFA280B3}.Debug|Any CPU.Build.0 = Debug|Any CPU
		{B03559C2-2123-4378-A1F5-C466CFA280B3}.Release|Any CPU.ActiveCfg = Release|Any CPU
		{B03559C2-2123-4378-A1F5-C466CFA280B3}.Release|Any CPU.Build.0 = Release|Any CPU
	EndGlobalSection
	GlobalSection(SolutionProperties) = preSolution
		HideSolutionNode = FALSE
	EndGlobalSection
	GlobalSection(ExtensibilityGlobals) = postSolution
		SolutionGuid = {D47CAFE1-2BEE-4290-8F93-22B568F26B15}
	EndGlobalSection
EndGlobal
